// !$*UTF8*$!
{
	archiveVersion = 1;
	classes = {
	};
	objectVersion = 55;
	objects = {

/* Begin PBXBuildFile section */
		1544FF3327C587DD00F25C6B /* AppDelegate.swift in Sources */ = {isa = PBXBuildFile; fileRef = 1544FF3227C587DD00F25C6B /* AppDelegate.swift */; };
		1544FF3527C587DD00F25C6B /* SceneDelegate.swift in Sources */ = {isa = PBXBuildFile; fileRef = 1544FF3427C587DD00F25C6B /* SceneDelegate.swift */; };
		1544FF3727C587DD00F25C6B /* ConversationsViewController.swift in Sources */ = {isa = PBXBuildFile; fileRef = 1544FF3627C587DD00F25C6B /* ConversationsViewController.swift */; };
		1544FF3A27C587DD00F25C6B /* Main.storyboard in Resources */ = {isa = PBXBuildFile; fileRef = 1544FF3827C587DD00F25C6B /* Main.storyboard */; };
		1544FF3C27C587DF00F25C6B /* Assets.xcassets in Resources */ = {isa = PBXBuildFile; fileRef = 1544FF3B27C587DF00F25C6B /* Assets.xcassets */; };
		1544FF3F27C587DF00F25C6B /* LaunchScreen.storyboard in Resources */ = {isa = PBXBuildFile; fileRef = 1544FF3D27C587DF00F25C6B /* LaunchScreen.storyboard */; };
		1544FF4D27C58A2B00F25C6B /* LoginViewController.swift in Sources */ = {isa = PBXBuildFile; fileRef = 1544FF4C27C58A2B00F25C6B /* LoginViewController.swift */; };
		1544FF4F27C58A3800F25C6B /* RegisterViewController.swift in Sources */ = {isa = PBXBuildFile; fileRef = 1544FF4E27C58A3800F25C6B /* RegisterViewController.swift */; };
		1544FF5127C58A5800F25C6B /* PhotoViewerViewController.swift in Sources */ = {isa = PBXBuildFile; fileRef = 1544FF5027C58A5800F25C6B /* PhotoViewerViewController.swift */; };
		1544FF5327C58A6000F25C6B /* VideoPlayerViewController.swift in Sources */ = {isa = PBXBuildFile; fileRef = 1544FF5227C58A6000F25C6B /* VideoPlayerViewController.swift */; };
		1544FF5527C58A8100F25C6B /* NewConversationViewController.swift in Sources */ = {isa = PBXBuildFile; fileRef = 1544FF5427C58A8000F25C6B /* NewConversationViewController.swift */; };
		1544FF5727C58A8F00F25C6B /* ProfileViewController.swift in Sources */ = {isa = PBXBuildFile; fileRef = 1544FF5627C58A8F00F25C6B /* ProfileViewController.swift */; };
		1544FF5A27C58EA600F25C6B /* Extensions.swift in Sources */ = {isa = PBXBuildFile; fileRef = 1544FF5927C58EA600F25C6B /* Extensions.swift */; };
		1544FF5C27C61F4F00F25C6B /* GoogleService-Info.plist in Resources */ = {isa = PBXBuildFile; fileRef = 1544FF5B27C61F4F00F25C6B /* GoogleService-Info.plist */; };
		20E7B276D20B1CC83E297EC3 /* Pods_Messenger.framework in Frameworks */ = {isa = PBXBuildFile; fileRef = 2FC0F6207282E8755C47C8BA /* Pods_Messenger.framework */; };
/* End PBXBuildFile section */

/* Begin PBXFileReference section */
		1544FF2F27C587DD00F25C6B /* Messenger.app */ = {isa = PBXFileReference; explicitFileType = wrapper.application; includeInIndex = 0; path = Messenger.app; sourceTree = BUILT_PRODUCTS_DIR; };
		1544FF3227C587DD00F25C6B /* AppDelegate.swift */ = {isa = PBXFileReference; lastKnownFileType = sourcecode.swift; path = AppDelegate.swift; sourceTree = "<group>"; };
		1544FF3427C587DD00F25C6B /* SceneDelegate.swift */ = {isa = PBXFileReference; lastKnownFileType = sourcecode.swift; path = SceneDelegate.swift; sourceTree = "<group>"; };
		1544FF3627C587DD00F25C6B /* ConversationsViewController.swift */ = {isa = PBXFileReference; lastKnownFileType = sourcecode.swift; path = ConversationsViewController.swift; sourceTree = "<group>"; };
		1544FF3927C587DD00F25C6B /* Base */ = {isa = PBXFileReference; lastKnownFileType = file.storyboard; name = Base; path = Base.lproj/Main.storyboard; sourceTree = "<group>"; };
		1544FF3B27C587DF00F25C6B /* Assets.xcassets */ = {isa = PBXFileReference; lastKnownFileType = folder.assetcatalog; path = Assets.xcassets; sourceTree = "<group>"; };
		1544FF3E27C587DF00F25C6B /* Base */ = {isa = PBXFileReference; lastKnownFileType = file.storyboard; name = Base; path = Base.lproj/LaunchScreen.storyboard; sourceTree = "<group>"; };
		1544FF4027C587DF00F25C6B /* Info.plist */ = {isa = PBXFileReference; lastKnownFileType = text.plist.xml; path = Info.plist; sourceTree = "<group>"; };
		1544FF4C27C58A2B00F25C6B /* LoginViewController.swift */ = {isa = PBXFileReference; lastKnownFileType = sourcecode.swift; path = LoginViewController.swift; sourceTree = "<group>"; };
		1544FF4E27C58A3800F25C6B /* RegisterViewController.swift */ = {isa = PBXFileReference; lastKnownFileType = sourcecode.swift; path = RegisterViewController.swift; sourceTree = "<group>"; };
		1544FF5027C58A5800F25C6B /* PhotoViewerViewController.swift */ = {isa = PBXFileReference; lastKnownFileType = sourcecode.swift; path = PhotoViewerViewController.swift; sourceTree = "<group>"; };
		1544FF5227C58A6000F25C6B /* VideoPlayerViewController.swift */ = {isa = PBXFileReference; lastKnownFileType = sourcecode.swift; path = VideoPlayerViewController.swift; sourceTree = "<group>"; };
		1544FF5427C58A8000F25C6B /* NewConversationViewController.swift */ = {isa = PBXFileReference; lastKnownFileType = sourcecode.swift; path = NewConversationViewController.swift; sourceTree = "<group>"; };
		1544FF5627C58A8F00F25C6B /* ProfileViewController.swift */ = {isa = PBXFileReference; lastKnownFileType = sourcecode.swift; path = ProfileViewController.swift; sourceTree = "<group>"; };
		1544FF5927C58EA600F25C6B /* Extensions.swift */ = {isa = PBXFileReference; lastKnownFileType = sourcecode.swift; path = Extensions.swift; sourceTree = "<group>"; };
		1544FF5B27C61F4F00F25C6B /* GoogleService-Info.plist */ = {isa = PBXFileReference; lastKnownFileType = text.plist; path = "GoogleService-Info.plist"; sourceTree = SOURCE_ROOT; };
		2FC0F6207282E8755C47C8BA /* Pods_Messenger.framework */ = {isa = PBXFileReference; explicitFileType = wrapper.framework; includeInIndex = 0; path = Pods_Messenger.framework; sourceTree = BUILT_PRODUCTS_DIR; };
		69FE58B69A45D54965C036B3 /* Pods-Messenger.release.xcconfig */ = {isa = PBXFileReference; includeInIndex = 1; lastKnownFileType = text.xcconfig; name = "Pods-Messenger.release.xcconfig"; path = "Target Support Files/Pods-Messenger/Pods-Messenger.release.xcconfig"; sourceTree = "<group>"; };
		C557D0B993B8C6D03FF46C65 /* Pods-Messenger.debug.xcconfig */ = {isa = PBXFileReference; includeInIndex = 1; lastKnownFileType = text.xcconfig; name = "Pods-Messenger.debug.xcconfig"; path = "Target Support Files/Pods-Messenger/Pods-Messenger.debug.xcconfig"; sourceTree = "<group>"; };
/* End PBXFileReference section */

/* Begin PBXFrameworksBuildPhase section */
		1544FF2C27C587DD00F25C6B /* Frameworks */ = {
			isa = PBXFrameworksBuildPhase;
			buildActionMask = 2147483647;
			files = (
				20E7B276D20B1CC83E297EC3 /* Pods_Messenger.framework in Frameworks */,
			);
			runOnlyForDeploymentPostprocessing = 0;
		};
/* End PBXFrameworksBuildPhase section */

/* Begin PBXGroup section */
		1544FF2627C587DD00F25C6B = {
			isa = PBXGroup;
			children = (
				1544FF3127C587DD00F25C6B /* Messenger */,
				1544FF3027C587DD00F25C6B /* Products */,
				CDA3C514FD2E560C6E612068 /* Pods */,
				AD87EDCD9553D7263C94F9FD /* Frameworks */,
			);
			sourceTree = "<group>";
		};
		1544FF3027C587DD00F25C6B /* Products */ = {
			isa = PBXGroup;
			children = (
				1544FF2F27C587DD00F25C6B /* Messenger.app */,
			);
			name = Products;
			sourceTree = "<group>";
		};
		1544FF3127C587DD00F25C6B /* Messenger */ = {
			isa = PBXGroup;
			children = (
				1544FF5B27C61F4F00F25C6B /* GoogleService-Info.plist */,
				1544FF4A27C588B300F25C6B /* Resources */,
				1544FF4927C588A600F25C6B /* ViewModels */,
				1544FF4827C5889400F25C6B /* Models */,
				1544FF4727C5888D00F25C6B /* Views */,
				1544FF4627C5888200F25C6B /* Controllers */,
				1544FF4027C587DF00F25C6B /* Info.plist */,
			);
			path = Messenger;
			sourceTree = "<group>";
		};
		1544FF4627C5888200F25C6B /* Controllers */ = {
			isa = PBXGroup;
			children = (
				1544FF3627C587DD00F25C6B /* ConversationsViewController.swift */,
				1544FF5827C58B4600F25C6B /* Login */,
				1544FF5027C58A5800F25C6B /* PhotoViewerViewController.swift */,
				1544FF5227C58A6000F25C6B /* VideoPlayerViewController.swift */,
				1544FF5427C58A8000F25C6B /* NewConversationViewController.swift */,
				1544FF5627C58A8F00F25C6B /* ProfileViewController.swift */,
			);
			path = Controllers;
			sourceTree = "<group>";
		};
		1544FF4727C5888D00F25C6B /* Views */ = {
			isa = PBXGroup;
			children = (
				1544FF3B27C587DF00F25C6B /* Assets.xcassets */,
				1544FF4B27C588D500F25C6B /* Storyboards */,
			);
			path = Views;
			sourceTree = "<group>";
		};
		1544FF4827C5889400F25C6B /* Models */ = {
			isa = PBXGroup;
			children = (
			);
			path = Models;
			sourceTree = "<group>";
		};
		1544FF4927C588A600F25C6B /* ViewModels */ = {
			isa = PBXGroup;
			children = (
			);
			path = ViewModels;
			sourceTree = "<group>";
		};
		1544FF4A27C588B300F25C6B /* Resources */ = {
			isa = PBXGroup;
			children = (
				1544FF3227C587DD00F25C6B /* AppDelegate.swift */,
				1544FF3427C587DD00F25C6B /* SceneDelegate.swift */,
				1544FF5927C58EA600F25C6B /* Extensions.swift */,
			);
			path = Resources;
			sourceTree = "<group>";
		};
		1544FF4B27C588D500F25C6B /* Storyboards */ = {
			isa = PBXGroup;
			children = (
				1544FF3827C587DD00F25C6B /* Main.storyboard */,
				1544FF3D27C587DF00F25C6B /* LaunchScreen.storyboard */,
			);
			path = Storyboards;
			sourceTree = "<group>";
		};
		1544FF5827C58B4600F25C6B /* Login */ = {
			isa = PBXGroup;
			children = (
				1544FF4C27C58A2B00F25C6B /* LoginViewController.swift */,
				1544FF4E27C58A3800F25C6B /* RegisterViewController.swift */,
			);
			path = Login;
			sourceTree = "<group>";
		};
		AD87EDCD9553D7263C94F9FD /* Frameworks */ = {
			isa = PBXGroup;
			children = (
				2FC0F6207282E8755C47C8BA /* Pods_Messenger.framework */,
			);
			name = Frameworks;
			sourceTree = "<group>";
		};
		CDA3C514FD2E560C6E612068 /* Pods */ = {
			isa = PBXGroup;
			children = (
				C557D0B993B8C6D03FF46C65 /* Pods-Messenger.debug.xcconfig */,
				69FE58B69A45D54965C036B3 /* Pods-Messenger.release.xcconfig */,
			);
			path = Pods;
			sourceTree = "<group>";
		};
/* End PBXGroup section */

/* Begin PBXNativeTarget section */
		1544FF2E27C587DD00F25C6B /* Messenger */ = {
			isa = PBXNativeTarget;
			buildConfigurationList = 1544FF4327C587DF00F25C6B /* Build configuration list for PBXNativeTarget "Messenger" */;
			buildPhases = (
				63EC52C4AA457C95EAD3DF8D /* [CP] Check Pods Manifest.lock */,
				1544FF2B27C587DD00F25C6B /* Sources */,
				1544FF2C27C587DD00F25C6B /* Frameworks */,
				1544FF2D27C587DD00F25C6B /* Resources */,
				65A2F407786E9ABF288A49EF /* [CP] Embed Pods Frameworks */,
			);
			buildRules = (
			);
			dependencies = (
			);
			name = Messenger;
			packageProductDependencies = (
			);
			productName = Messenger;
			productReference = 1544FF2F27C587DD00F25C6B /* Messenger.app */;
			productType = "com.apple.product-type.application";
		};
/* End PBXNativeTarget section */

/* Begin PBXProject section */
		1544FF2727C587DD00F25C6B /* Project object */ = {
			isa = PBXProject;
			attributes = {
				BuildIndependentTargetsInParallel = 1;
				LastSwiftUpdateCheck = 1320;
				LastUpgradeCheck = 1320;
				TargetAttributes = {
					1544FF2E27C587DD00F25C6B = {
						CreatedOnToolsVersion = 13.2.1;
					};
				};
			};
			buildConfigurationList = 1544FF2A27C587DD00F25C6B /* Build configuration list for PBXProject "Messenger" */;
			compatibilityVersion = "Xcode 13.0";
			developmentRegion = en;
			hasScannedForEncodings = 0;
			knownRegions = (
				en,
				Base,
			);
			mainGroup = 1544FF2627C587DD00F25C6B;
			packageReferences = (
			);
			productRefGroup = 1544FF3027C587DD00F25C6B /* Products */;
			projectDirPath = "";
			projectRoot = "";
			targets = (
				1544FF2E27C587DD00F25C6B /* Messenger */,
			);
		};
/* End PBXProject section */

/* Begin PBXResourcesBuildPhase section */
		1544FF2D27C587DD00F25C6B /* Resources */ = {
			isa = PBXResourcesBuildPhase;
			buildActionMask = 2147483647;
			files = (
				1544FF3F27C587DF00F25C6B /* LaunchScreen.storyboard in Resources */,
				1544FF5C27C61F4F00F25C6B /* GoogleService-Info.plist in Resources */,
				1544FF3C27C587DF00F25C6B /* Assets.xcassets in Resources */,
				1544FF3A27C587DD00F25C6B /* Main.storyboard in Resources */,
			);
			runOnlyForDeploymentPostprocessing = 0;
		};
/* End PBXResourcesBuildPhase section */

/* Begin PBXShellScriptBuildPhase section */
		63EC52C4AA457C95EAD3DF8D /* [CP] Check Pods Manifest.lock */ = {
			isa = PBXShellScriptBuildPhase;
			buildActionMask = 2147483647;
			files = (
			);
			inputFileListPaths = (
			);
			inputPaths = (
				"${PODS_PODFILE_DIR_PATH}/Podfile.lock",
				"${PODS_ROOT}/Manifest.lock",
			);
			name = "[CP] Check Pods Manifest.lock";
			outputFileListPaths = (
			);
			outputPaths = (
				"$(DERIVED_FILE_DIR)/Pods-Messenger-checkManifestLockResult.txt",
			);
			runOnlyForDeploymentPostprocessing = 0;
			shellPath = /bin/sh;
			shellScript = "diff \"${PODS_PODFILE_DIR_PATH}/Podfile.lock\" \"${PODS_ROOT}/Manifest.lock\" > /dev/null\nif [ $? != 0 ] ; then\n    # print error to STDERR\n    echo \"error: The sandbox is not in sync with the Podfile.lock. Run 'pod install' or update your CocoaPods installation.\" >&2\n    exit 1\nfi\n# This output is used by Xcode 'outputs' to avoid re-running this script phase.\necho \"SUCCESS\" > \"${SCRIPT_OUTPUT_FILE_0}\"\n";
			showEnvVarsInLog = 0;
		};
		65A2F407786E9ABF288A49EF /* [CP] Embed Pods Frameworks */ = {
			isa = PBXShellScriptBuildPhase;
			buildActionMask = 2147483647;
			files = (
			);
			inputFileListPaths = (
				"${PODS_ROOT}/Target Support Files/Pods-Messenger/Pods-Messenger-frameworks-${CONFIGURATION}-input-files.xcfilelist",
			);
			name = "[CP] Embed Pods Frameworks";
			outputFileListPaths = (
				"${PODS_ROOT}/Target Support Files/Pods-Messenger/Pods-Messenger-frameworks-${CONFIGURATION}-output-files.xcfilelist",
			);
			runOnlyForDeploymentPostprocessing = 0;
			shellPath = /bin/sh;
			shellScript = "\"${PODS_ROOT}/Target Support Files/Pods-Messenger/Pods-Messenger-frameworks.sh\"\n";
			showEnvVarsInLog = 0;
		};
/* End PBXShellScriptBuildPhase section */

/* Begin PBXSourcesBuildPhase section */
		1544FF2B27C587DD00F25C6B /* Sources */ = {
			isa = PBXSourcesBuildPhase;
			buildActionMask = 2147483647;
			files = (
				1544FF4D27C58A2B00F25C6B /* LoginViewController.swift in Sources */,
				1544FF4F27C58A3800F25C6B /* RegisterViewController.swift in Sources */,
				1544FF5527C58A8100F25C6B /* NewConversationViewController.swift in Sources */,
				1544FF3727C587DD00F25C6B /* ConversationsViewController.swift in Sources */,
				1544FF5327C58A6000F25C6B /* VideoPlayerViewController.swift in Sources */,
				1544FF5A27C58EA600F25C6B /* Extensions.swift in Sources */,
				1544FF3327C587DD00F25C6B /* AppDelegate.swift in Sources */,
				1544FF5727C58A8F00F25C6B /* ProfileViewController.swift in Sources */,
				1544FF3527C587DD00F25C6B /* SceneDelegate.swift in Sources */,
				1544FF5127C58A5800F25C6B /* PhotoViewerViewController.swift in Sources */,
			);
			runOnlyForDeploymentPostprocessing = 0;
		};
/* End PBXSourcesBuildPhase section */

/* Begin PBXVariantGroup section */
		1544FF3827C587DD00F25C6B /* Main.storyboard */ = {
			isa = PBXVariantGroup;
			children = (
				1544FF3927C587DD00F25C6B /* Base */,
			);
			name = Main.storyboard;
			sourceTree = "<group>";
		};
		1544FF3D27C587DF00F25C6B /* LaunchScreen.storyboard */ = {
			isa = PBXVariantGroup;
			children = (
				1544FF3E27C587DF00F25C6B /* Base */,
			);
			name = LaunchScreen.storyboard;
			sourceTree = "<group>";
		};
/* End PBXVariantGroup section */

/* Begin XCBuildConfiguration section */
		1544FF4127C587DF00F25C6B /* Debug */ = {
			isa = XCBuildConfiguration;
			buildSettings = {
				ALWAYS_SEARCH_USER_PATHS = NO;
				CLANG_ANALYZER_NONNULL = YES;
				CLANG_ANALYZER_NUMBER_OBJECT_CONVERSION = YES_AGGRESSIVE;
				CLANG_CXX_LANGUAGE_STANDARD = "gnu++17";
				CLANG_CXX_LIBRARY = "libc++";
				CLANG_ENABLE_MODULES = YES;
				CLANG_ENABLE_OBJC_ARC = YES;
				CLANG_ENABLE_OBJC_WEAK = YES;
				CLANG_WARN_BLOCK_CAPTURE_AUTORELEASING = YES;
				CLANG_WARN_BOOL_CONVERSION = YES;
				CLANG_WARN_COMMA = YES;
				CLANG_WARN_CONSTANT_CONVERSION = YES;
				CLANG_WARN_DEPRECATED_OBJC_IMPLEMENTATIONS = YES;
				CLANG_WARN_DIRECT_OBJC_ISA_USAGE = YES_ERROR;
				CLANG_WARN_DOCUMENTATION_COMMENTS = YES;
				CLANG_WARN_EMPTY_BODY = YES;
				CLANG_WARN_ENUM_CONVERSION = YES;
				CLANG_WARN_INFINITE_RECURSION = YES;
				CLANG_WARN_INT_CONVERSION = YES;
				CLANG_WARN_NON_LITERAL_NULL_CONVERSION = YES;
				CLANG_WARN_OBJC_IMPLICIT_RETAIN_SELF = YES;
				CLANG_WARN_OBJC_LITERAL_CONVERSION = YES;
				CLANG_WARN_OBJC_ROOT_CLASS = YES_ERROR;
				CLANG_WARN_QUOTED_INCLUDE_IN_FRAMEWORK_HEADER = YES;
				CLANG_WARN_RANGE_LOOP_ANALYSIS = YES;
				CLANG_WARN_STRICT_PROTOTYPES = YES;
				CLANG_WARN_SUSPICIOUS_MOVE = YES;
				CLANG_WARN_UNGUARDED_AVAILABILITY = YES_AGGRESSIVE;
				CLANG_WARN_UNREACHABLE_CODE = YES;
				CLANG_WARN__DUPLICATE_METHOD_MATCH = YES;
				COPY_PHASE_STRIP = NO;
				DEBUG_INFORMATION_FORMAT = dwarf;
				ENABLE_STRICT_OBJC_MSGSEND = YES;
				ENABLE_TESTABILITY = YES;
				GCC_C_LANGUAGE_STANDARD = gnu11;
				GCC_DYNAMIC_NO_PIC = NO;
				GCC_NO_COMMON_BLOCKS = YES;
				GCC_OPTIMIZATION_LEVEL = 0;
				GCC_PREPROCESSOR_DEFINITIONS = (
					"DEBUG=1",
					"$(inherited)",
				);
				GCC_WARN_64_TO_32_BIT_CONVERSION = YES;
				GCC_WARN_ABOUT_RETURN_TYPE = YES_ERROR;
				GCC_WARN_UNDECLARED_SELECTOR = YES;
				GCC_WARN_UNINITIALIZED_AUTOS = YES_AGGRESSIVE;
				GCC_WARN_UNUSED_FUNCTION = YES;
				GCC_WARN_UNUSED_VARIABLE = YES;
				IPHONEOS_DEPLOYMENT_TARGET = 15.2;
				MTL_ENABLE_DEBUG_INFO = INCLUDE_SOURCE;
				MTL_FAST_MATH = YES;
				ONLY_ACTIVE_ARCH = YES;
				SDKROOT = iphoneos;
				SWIFT_ACTIVE_COMPILATION_CONDITIONS = DEBUG;
				SWIFT_OPTIMIZATION_LEVEL = "-Onone";
			};
			name = Debug;
		};
		1544FF4227C587DF00F25C6B /* Release */ = {
			isa = XCBuildConfiguration;
			buildSettings = {
				ALWAYS_SEARCH_USER_PATHS = NO;
				CLANG_ANALYZER_NONNULL = YES;
				CLANG_ANALYZER_NUMBER_OBJECT_CONVERSION = YES_AGGRESSIVE;
				CLANG_CXX_LANGUAGE_STANDARD = "gnu++17";
				CLANG_CXX_LIBRARY = "libc++";
				CLANG_ENABLE_MODULES = YES;
				CLANG_ENABLE_OBJC_ARC = YES;
				CLANG_ENABLE_OBJC_WEAK = YES;
				CLANG_WARN_BLOCK_CAPTURE_AUTORELEASING = YES;
				CLANG_WARN_BOOL_CONVERSION = YES;
				CLANG_WARN_COMMA = YES;
				CLANG_WARN_CONSTANT_CONVERSION = YES;
				CLANG_WARN_DEPRECATED_OBJC_IMPLEMENTATIONS = YES;
				CLANG_WARN_DIRECT_OBJC_ISA_USAGE = YES_ERROR;
				CLANG_WARN_DOCUMENTATION_COMMENTS = YES;
				CLANG_WARN_EMPTY_BODY = YES;
				CLANG_WARN_ENUM_CONVERSION = YES;
				CLANG_WARN_INFINITE_RECURSION = YES;
				CLANG_WARN_INT_CONVERSION = YES;
				CLANG_WARN_NON_LITERAL_NULL_CONVERSION = YES;
				CLANG_WARN_OBJC_IMPLICIT_RETAIN_SELF = YES;
				CLANG_WARN_OBJC_LITERAL_CONVERSION = YES;
				CLANG_WARN_OBJC_ROOT_CLASS = YES_ERROR;
				CLANG_WARN_QUOTED_INCLUDE_IN_FRAMEWORK_HEADER = YES;
				CLANG_WARN_RANGE_LOOP_ANALYSIS = YES;
				CLANG_WARN_STRICT_PROTOTYPES = YES;
				CLANG_WARN_SUSPICIOUS_MOVE = YES;
				CLANG_WARN_UNGUARDED_AVAILABILITY = YES_AGGRESSIVE;
				CLANG_WARN_UNREACHABLE_CODE = YES;
				CLANG_WARN__DUPLICATE_METHOD_MATCH = YES;
				COPY_PHASE_STRIP = NO;
				DEBUG_INFORMATION_FORMAT = "dwarf-with-dsym";
				ENABLE_NS_ASSERTIONS = NO;
				ENABLE_STRICT_OBJC_MSGSEND = YES;
				GCC_C_LANGUAGE_STANDARD = gnu11;
				GCC_NO_COMMON_BLOCKS = YES;
				GCC_WARN_64_TO_32_BIT_CONVERSION = YES;
				GCC_WARN_ABOUT_RETURN_TYPE = YES_ERROR;
				GCC_WARN_UNDECLARED_SELECTOR = YES;
				GCC_WARN_UNINITIALIZED_AUTOS = YES_AGGRESSIVE;
				GCC_WARN_UNUSED_FUNCTION = YES;
				GCC_WARN_UNUSED_VARIABLE = YES;
				IPHONEOS_DEPLOYMENT_TARGET = 15.2;
				MTL_ENABLE_DEBUG_INFO = NO;
				MTL_FAST_MATH = YES;
				SDKROOT = iphoneos;
				SWIFT_COMPILATION_MODE = wholemodule;
				SWIFT_OPTIMIZATION_LEVEL = "-O";
				VALIDATE_PRODUCT = YES;
			};
			name = Release;
		};
		1544FF4427C587DF00F25C6B /* Debug */ = {
			isa = XCBuildConfiguration;
			baseConfigurationReference = C557D0B993B8C6D03FF46C65 /* Pods-Messenger.debug.xcconfig */;
			buildSettings = {
				ASSETCATALOG_COMPILER_APPICON_NAME = AppIcon;
				ASSETCATALOG_COMPILER_GLOBAL_ACCENT_COLOR_NAME = AccentColor;
				CODE_SIGN_STYLE = Automatic;
				CURRENT_PROJECT_VERSION = 1;
				GENERATE_INFOPLIST_FILE = YES;
				INFOPLIST_FILE = Messenger/Info.plist;
				INFOPLIST_KEY_UIApplicationSupportsIndirectInputEvents = YES;
				INFOPLIST_KEY_UILaunchStoryboardName = LaunchScreen;
				INFOPLIST_KEY_UIMainStoryboardFile = Main;
				INFOPLIST_KEY_UISupportedInterfaceOrientations = UIInterfaceOrientationPortrait;
				INFOPLIST_KEY_UISupportedInterfaceOrientations_iPad = "UIInterfaceOrientationPortrait UIInterfaceOrientationPortraitUpsideDown UIInterfaceOrientationLandscapeLeft UIInterfaceOrientationLandscapeRight";
				INFOPLIST_KEY_UISupportedInterfaceOrientations_iPhone = "UIInterfaceOrientationPortrait UIInterfaceOrientationLandscapeLeft UIInterfaceOrientationLandscapeRight";
				LD_RUNPATH_SEARCH_PATHS = (
					"$(inherited)",
					"@executable_path/Frameworks",
				);
				MARKETING_VERSION = 1.0;
				PRODUCT_BUNDLE_IDENTIFIER = BR.Messenger;
				PRODUCT_NAME = "$(TARGET_NAME)";
				SWIFT_EMIT_LOC_STRINGS = YES;
				SWIFT_VERSION = 5.0;
				TARGETED_DEVICE_FAMILY = "1,2";
			};
			name = Debug;
		};
		1544FF4527C587DF00F25C6B /* Release */ = {
			isa = XCBuildConfiguration;
			baseConfigurationReference = 69FE58B69A45D54965C036B3 /* Pods-Messenger.release.xcconfig */;
			buildSettings = {
				ASSETCATALOG_COMPILER_APPICON_NAME = AppIcon;
				ASSETCATALOG_COMPILER_GLOBAL_ACCENT_COLOR_NAME = AccentColor;
				CODE_SIGN_STYLE = Automatic;
				CURRENT_PROJECT_VERSION = 1;
				GENERATE_INFOPLIST_FILE = YES;
				INFOPLIST_FILE = Messenger/Info.plist;
				INFOPLIST_KEY_UIApplicationSupportsIndirectInputEvents = YES;
				INFOPLIST_KEY_UILaunchStoryboardName = LaunchScreen;
				INFOPLIST_KEY_UIMainStoryboardFile = Main;
				INFOPLIST_KEY_UISupportedInterfaceOrientations = UIInterfaceOrientationPortrait;
				INFOPLIST_KEY_UISupportedInterfaceOrientations_iPad = "UIInterfaceOrientationPortrait UIInterfaceOrientationPortraitUpsideDown UIInterfaceOrientationLandscapeLeft UIInterfaceOrientationLandscapeRight";
				INFOPLIST_KEY_UISupportedInterfaceOrientations_iPhone = "UIInterfaceOrientationPortrait UIInterfaceOrientationLandscapeLeft UIInterfaceOrientationLandscapeRight";
				LD_RUNPATH_SEARCH_PATHS = (
					"$(inherited)",
					"@executable_path/Frameworks",
				);
				MARKETING_VERSION = 1.0;
				PRODUCT_BUNDLE_IDENTIFIER = BR.Messenger;
				PRODUCT_NAME = "$(TARGET_NAME)";
				SWIFT_EMIT_LOC_STRINGS = YES;
				SWIFT_VERSION = 5.0;
				TARGETED_DEVICE_FAMILY = "1,2";
			};
			name = Release;
		};
/* End XCBuildConfiguration section */

/* Begin XCConfigurationList section */
		1544FF2A27C587DD00F25C6B /* Build configuration list for PBXProject "Messenger" */ = {
			isa = XCConfigurationList;
			buildConfigurations = (
				1544FF4127C587DF00F25C6B /* Debug */,
				1544FF4227C587DF00F25C6B /* Release */,
			);
			defaultConfigurationIsVisible = 0;
			defaultConfigurationName = Release;
		};
		1544FF4327C587DF00F25C6B /* Build configuration list for PBXNativeTarget "Messenger" */ = {
			isa = XCConfigurationList;
			buildConfigurations = (
				1544FF4427C587DF00F25C6B /* Debug */,
				1544FF4527C587DF00F25C6B /* Release */,
			);
			defaultConfigurationIsVisible = 0;
			defaultConfigurationName = Release;
		};
/* End XCConfigurationList section */
	};
	rootObject = 1544FF2727C587DD00F25C6B /* Project object */;
}
